// !$*UTF8*$!
{
	archiveVersion = 1;
	classes = {
	};
	objectVersion = 50;
	objects = {

/* Begin PBXBuildFile section */
		FC7B196823637B8D00DF811D /* AppDelegate.swift in Sources */ = {isa = PBXBuildFile; fileRef = FC7B196723637B8D00DF811D /* AppDelegate.swift */; };
		FC7B196A23637B8D00DF811D /* SceneDelegate.swift in Sources */ = {isa = PBXBuildFile; fileRef = FC7B196923637B8D00DF811D /* SceneDelegate.swift */; };
		FC7B196C23637B8D00DF811D /* ViewController.swift in Sources */ = {isa = PBXBuildFile; fileRef = FC7B196B23637B8D00DF811D /* ViewController.swift */; };
		FC7B196F23637B8D00DF811D /* Main.storyboard in Resources */ = {isa = PBXBuildFile; fileRef = FC7B196D23637B8D00DF811D /* Main.storyboard */; };
		FC7B197123637B8D00DF811D /* Assets.xcassets in Resources */ = {isa = PBXBuildFile; fileRef = FC7B197023637B8D00DF811D /* Assets.xcassets */; };
		FC7B197423637B8D00DF811D /* LaunchScreen.storyboard in Resources */ = {isa = PBXBuildFile; fileRef = FC7B197223637B8D00DF811D /* LaunchScreen.storyboard */; };
/* End PBXBuildFile section */

/* Begin PBXFileReference section */
		FC7B196423637B8D00DF811D /* MyPreferences.app */ = {isa = PBXFileReference; explicitFileType = wrapper.application; includeInIndex = 0; path = MyPreferences.app; sourceTree = BUILT_PRODUCTS_DIR; };
		FC7B196723637B8D00DF811D /* AppDelegate.swift */ = {isa = PBXFileReference; lastKnownFileType = sourcecode.swift; path = AppDelegate.swift; sourceTree = "<group>"; };
		FC7B196923637B8D00DF811D /* SceneDelegate.swift */ = {isa = PBXFileReference; lastKnownFileType = sourcecode.swift; path = SceneDelegate.swift; sourceTree = "<group>"; };
		FC7B196B23637B8D00DF811D /* ViewController.swift */ = {isa = PBXFileReference; lastKnownFileType = sourcecode.swift; path = ViewController.swift; sourceTree = "<group>"; };
		FC7B196E23637B8D00DF811D /* Base */ = {isa = PBXFileReference; lastKnownFileType = file.storyboard; name = Base; path = Base.lproj/Main.storyboard; sourceTree = "<group>"; };
		FC7B197023637B8D00DF811D /* Assets.xcassets */ = {isa = PBXFileReference; lastKnownFileType = folder.assetcatalog; path = Assets.xcassets; sourceTree = "<group>"; };
		FC7B197323637B8D00DF811D /* Base */ = {isa = PBXFileReference; lastKnownFileType = file.storyboard; name = Base; path = Base.lproj/LaunchScreen.storyboard; sourceTree = "<group>"; };
		FC7B197523637B8D00DF811D /* Info.plist */ = {isa = PBXFileReference; lastKnownFileType = text.plist.xml; path = Info.plist; sourceTree = "<group>"; };
/* End PBXFileReference section */

/* Begin PBXFrameworksBuildPhase section */
		FC7B196123637B8D00DF811D /* Frameworks */ = {
			isa = PBXFrameworksBuildPhase;
			buildActionMask = 2147483647;
			files = (
			);
			runOnlyForDeploymentPostprocessing = 0;
		};
/* End PBXFrameworksBuildPhase section */

/* Begin PBXGroup section */
		FC7B195B23637B8D00DF811D = {
			isa = PBXGroup;
			children = (
				FC7B196623637B8D00DF811D /* MyPreferences */,
				FC7B196523637B8D00DF811D /* Products */,
			);
			sourceTree = "<group>";
		};
		FC7B196523637B8D00DF811D /* Products */ = {
			isa = PBXGroup;
			children = (
				FC7B196423637B8D00DF811D /* MyPreferences.app */,
			);
			name = Products;
			sourceTree = "<group>";
		};
		FC7B196623637B8D00DF811D /* MyPreferences */ = {
			isa = PBXGroup;
			children = (
				FC7B196723637B8D00DF811D /* AppDelegate.swift */,
				FC7B196923637B8D00DF811D /* SceneDelegate.swift */,
				FC7B196B23637B8D00DF811D /* ViewController.swift */,
				FC7B196D23637B8D00DF811D /* Main.storyboard */,
				FC7B197023637B8D00DF811D /* Assets.xcassets */,
				FC7B197223637B8D00DF811D /* LaunchScreen.storyboard */,
				FC7B197523637B8D00DF811D /* Info.plist */,
			);
			path = MyPreferences;
			sourceTree = "<group>";
		};
/* End PBXGroup section */

/* Begin PBXNativeTarget section */
		FC7B196323637B8D00DF811D /* MyPreferences */ = {
			isa = PBXNativeTarget;
			buildConfigurationList = FC7B197823637B8D00DF811D /* Build configuration list for PBXNativeTarget "MyPreferences" */;
			buildPhases = (
				FC7B196023637B8D00DF811D /* Sources */,
				FC7B196123637B8D00DF811D /* Frameworks */,
				FC7B196223637B8D00DF811D /* Resources */,
			);
			buildRules = (
			);
			dependencies = (
			);
			name = MyPreferences;
			productName = MyPreferences;
			productReference = FC7B196423637B8D00DF811D /* MyPreferences.app */;
			productType = "com.apple.product-type.application";
		};
/* End PBXNativeTarget section */

/* Begin PBXProject section */
		FC7B195C23637B8D00DF811D /* Project object */ = {
			isa = PBXProject;
			attributes = {
				LastSwiftUpdateCheck = 1110;
				LastUpgradeCheck = 1110;
				ORGANIZATIONNAME = "Samantha Thomas";
				TargetAttributes = {
					FC7B196323637B8D00DF811D = {
						CreatedOnToolsVersion = 11.1;
					};
				};
			};
			buildConfigurationList = FC7B195F23637B8D00DF811D /* Build configuration list for PBXProject "MyPreferences" */;
			compatibilityVersion = "Xcode 9.3";
			developmentRegion = en;
			hasScannedForEncodings = 0;
			knownRegions = (
				en,
				Base,
			);
			mainGroup = FC7B195B23637B8D00DF811D;
			productRefGroup = FC7B196523637B8D00DF811D /* Products */;
			projectDirPath = "";
			projectRoot = "";
			targets = (
				FC7B196323637B8D00DF811D /* MyPreferences */,
			);
		};
/* End PBXProject section */

/* Begin PBXResourcesBuildPhase section */
		FC7B196223637B8D00DF811D /* Resources */ = {
			isa = PBXResourcesBuildPhase;
			buildActionMask = 2147483647;
			files = (
				FC7B197423637B8D00DF811D /* LaunchScreen.storyboard in Resources */,
				FC7B197123637B8D00DF811D /* Assets.xcassets in Resources */,
				FC7B196F23637B8D00DF811D /* Main.storyboard in Resources */,
			);
			runOnlyForDeploymentPostprocessing = 0;
		};
/* End PBXResourcesBuildPhase section */

/* Begin PBXSourcesBuildPhase section */
		FC7B196023637B8D00DF811D /* Sources */ = {
			isa = PBXSourcesBuildPhase;
			buildActionMask = 2147483647;
			files = (
				FC7B196C23637B8D00DF811D /* ViewController.swift in Sources */,
				FC7B196823637B8D00DF811D /* AppDelegate.swift in Sources */,
				FC7B196A23637B8D00DF811D /* SceneDelegate.swift in Sources */,
			);
			runOnlyForDeploymentPostprocessing = 0;
		};
/* End PBXSourcesBuildPhase section */

/* Begin PBXVariantGroup section */
		FC7B196D23637B8D00DF811D /* Main.storyboard */ = {
			isa = PBXVariantGroup;
			children = (
				FC7B196E23637B8D00DF811D /* Base */,
			);
			name = Main.storyboard;
			sourceTree = "<group>";
		};
		FC7B197223637B8D00DF811D /* LaunchScreen.storyboard */ = {
			isa = PBXVariantGroup;
			children = (
				FC7B197323637B8D00DF811D /* Base */,
			);
			name = LaunchScreen.storyboard;
			sourceTree = "<group>";
		};
/* End PBXVariantGroup section */

/* Begin XCBuildConfiguration section */
		FC7B197623637B8D00DF811D /* Debug */ = {
			isa = XCBuildConfiguration;
			buildSettings = {
				ALWAYS_SEARCH_USER_PATHS = NO;
				CLANG_ANALYZER_NONNULL = YES;
				CLANG_ANALYZER_NUMBER_OBJECT_CONVERSION = YES_AGGRESSIVE;
				CLANG_CXX_LANGUAGE_STANDARD = "gnu++14";
				CLANG_CXX_LIBRARY = "libc++";
				CLANG_ENABLE_MODULES = YES;
				CLANG_ENABLE_OBJC_ARC = YES;
				CLANG_ENABLE_OBJC_WEAK = YES;
				CLANG_WARN_BLOCK_CAPTURE_AUTORELEASING = YES;
				CLANG_WARN_BOOL_CONVERSION = YES;
				CLANG_WARN_COMMA = YES;
				CLANG_WARN_CONSTANT_CONVERSION = YES;
				CLANG_WARN_DEPRECATED_OBJC_IMPLEMENTATIONS = YES;
				CLANG_WARN_DIRECT_OBJC_ISA_USAGE = YES_ERROR;
				CLANG_WARN_DOCUMENTATION_COMMENTS = YES;
				CLANG_WARN_EMPTY_BODY = YES;
				CLANG_WARN_ENUM_CONVERSION = YES;
				CLANG_WARN_INFINITE_RECURSION = YES;
				CLANG_WARN_INT_CONVERSION = YES;
				CLANG_WARN_NON_LITERAL_NULL_CONVERSION = YES;
				CLANG_WARN_OBJC_IMPLICIT_RETAIN_SELF = YES;
				CLANG_WARN_OBJC_LITERAL_CONVERSION = YES;
				CLANG_WARN_OBJC_ROOT_CLASS = YES_ERROR;
				CLANG_WARN_RANGE_LOOP_ANALYSIS = YES;
				CLANG_WARN_STRICT_PROTOTYPES = YES;
				CLANG_WARN_SUSPICIOUS_MOVE = YES;
				CLANG_WARN_UNGUARDED_AVAILABILITY = YES_AGGRESSIVE;
				CLANG_WARN_UNREACHABLE_CODE = YES;
				CLANG_WARN__DUPLICATE_METHOD_MATCH = YES;
				COPY_PHASE_STRIP = NO;
				DEBUG_INFORMATION_FORMAT = dwarf;
				ENABLE_STRICT_OBJC_MSGSEND = YES;
				ENABLE_TESTABILITY = YES;
				GCC_C_LANGUAGE_STANDARD = gnu11;
				GCC_DYNAMIC_NO_PIC = NO;
				GCC_NO_COMMON_BLOCKS = YES;
				GCC_OPTIMIZATION_LEVEL = 0;
				GCC_PREPROCESSOR_DEFINITIONS = (
					"DEBUG=1",
					"$(inherited)",
				);
				GCC_WARN_64_TO_32_BIT_CONVERSION = YES;
				GCC_WARN_ABOUT_RETURN_TYPE = YES_ERROR;
				GCC_WARN_UNDECLARED_SELECTOR = YES;
				GCC_WARN_UNINITIALIZED_AUTOS = YES_AGGRESSIVE;
				GCC_WARN_UNUSED_FUNCTION = YES;
				GCC_WARN_UNUSED_VARIABLE = YES;
				IPHONEOS_DEPLOYMENT_TARGET = 13.1;
				MTL_ENABLE_DEBUG_INFO = INCLUDE_SOURCE;
				MTL_FAST_MATH = YES;
				ONLY_ACTIVE_ARCH = YES;
				SDKROOT = iphoneos;
				SWIFT_ACTIVE_COMPILATION_CONDITIONS = DEBUG;
				SWIFT_OPTIMIZATION_LEVEL = "-Onone";
			};
			name = Debug;
		};
		FC7B197723637B8D00DF811D /* Release */ = {
			isa = XCBuildConfiguration;
			buildSettings = {
				ALWAYS_SEARCH_USER_PATHS = NO;
				CLANG_ANALYZER_NONNULL = YES;
				CLANG_ANALYZER_NUMBER_OBJECT_CONVERSION = YES_AGGRESSIVE;
				CLANG_CXX_LANGUAGE_STANDARD = "gnu++14";
				CLANG_CXX_LIBRARY = "libc++";
				CLANG_ENABLE_MODULES = YES;
				CLANG_ENABLE_OBJC_ARC = YES;
				CLANG_ENABLE_OBJC_WEAK = YES;
				CLANG_WARN_BLOCK_CAPTURE_AUTORELEASING = YES;
				CLANG_WARN_BOOL_CONVERSION = YES;
				CLANG_WARN_COMMA = YES;
				CLANG_WARN_CONSTANT_CONVERSION = YES;
				CLANG_WARN_DEPRECATED_OBJC_IMPLEMENTATIONS = YES;
				CLANG_WARN_DIRECT_OBJC_ISA_USAGE = YES_ERROR;
				CLANG_WARN_DOCUMENTATION_COMMENTS = YES;
				CLANG_WARN_EMPTY_BODY = YES;
				CLANG_WARN_ENUM_CONVERSION = YES;
				CLANG_WARN_INFINITE_RECURSION = YES;
				CLANG_WARN_INT_CONVERSION = YES;
				CLANG_WARN_NON_LITERAL_NULL_CONVERSION = YES;
				CLANG_WARN_OBJC_IMPLICIT_RETAIN_SELF = YES;
				CLANG_WARN_OBJC_LITERAL_CONVERSION = YES;
				CLANG_WARN_OBJC_ROOT_CLASS = YES_ERROR;
				CLANG_WARN_RANGE_LOOP_ANALYSIS = YES;
				CLANG_WARN_STRICT_PROTOTYPES = YES;
				CLANG_WARN_SUSPICIOUS_MOVE = YES;
				CLANG_WARN_UNGUARDED_AVAILABILITY = YES_AGGRESSIVE;
				CLANG_WARN_UNREACHABLE_CODE = YES;
				CLANG_WARN__DUPLICATE_METHOD_MATCH = YES;
				COPY_PHASE_STRIP = NO;
				DEBUG_INFORMATION_FORMAT = "dwarf-with-dsym";
				ENABLE_NS_ASSERTIONS = NO;
				ENABLE_STRICT_OBJC_MSGSEND = YES;
				GCC_C_LANGUAGE_STANDARD = gnu11;
				GCC_NO_COMMON_BLOCKS = YES;
				GCC_WARN_64_TO_32_BIT_CONVERSION = YES;
				GCC_WARN_ABOUT_RETURN_TYPE = YES_ERROR;
				GCC_WARN_UNDECLARED_SELECTOR = YES;
				GCC_WARN_UNINITIALIZED_AUTOS = YES_AGGRESSIVE;
				GCC_WARN_UNUSED_FUNCTION = YES;
				GCC_WARN_UNUSED_VARIABLE = YES;
				IPHONEOS_DEPLOYMENT_TARGET = 13.1;
				MTL_ENABLE_DEBUG_INFO = NO;
				MTL_FAST_MATH = YES;
				SDKROOT = iphoneos;
				SWIFT_COMPILATION_MODE = wholemodule;
				SWIFT_OPTIMIZATION_LEVEL = "-O";
				VALIDATE_PRODUCT = YES;
			};
			name = Release;
		};
		FC7B197923637B8D00DF811D /* Debug */ = {
			isa = XCBuildConfiguration;
			buildSettings = {
				ASSETCATALOG_COMPILER_APPICON_NAME = AppIcon;
				CODE_SIGN_STYLE = Automatic;
				DEVELOPMENT_TEAM = U334ZH2XXQ;
				INFOPLIST_FILE = MyPreferences/Info.plist;
				LD_RUNPATH_SEARCH_PATHS = (
					"$(inherited)",
					"@executable_path/Frameworks",
				);
				PRODUCT_BUNDLE_IDENTIFIER = rockvalleycollege.edu.MyPreferences;
				PRODUCT_NAME = "$(TARGET_NAME)";
				SWIFT_VERSION = 5.0;
				TARGETED_DEVICE_FAMILY = "1,2";
			};
			name = Debug;
		};
		FC7B197A23637B8D00DF811D /* Release */ = {
			isa = XCBuildConfiguration;
			buildSettings = {
				ASSETCATALOG_COMPILER_APPICON_NAME = AppIcon;
				CODE_SIGN_STYLE = Automatic;
				DEVELOPMENT_TEAM = U334ZH2XXQ;
				INFOPLIST_FILE = MyPreferences/Info.plist;
				LD_RUNPATH_SEARCH_PATHS = (
					"$(inherited)",
					"@executable_path/Frameworks",
				);
				PRODUCT_BUNDLE_IDENTIFIER = rockvalleycollege.edu.MyPreferences;
				PRODUCT_NAME = "$(TARGET_NAME)";
				SWIFT_VERSION = 5.0;
				TARGETED_DEVICE_FAMILY = "1,2";
			};
			name = Release;
		};
/* End XCBuildConfiguration section */

/* Begin XCConfigurationList section */
		FC7B195F23637B8D00DF811D /* Build configuration list for PBXProject "MyPreferences" */ = {
			isa = XCConfigurationList;
			buildConfigurations = (
				FC7B197623637B8D00DF811D /* Debug */,
				FC7B197723637B8D00DF811D /* Release */,
			);
			defaultConfigurationIsVisible = 0;
			defaultConfigurationName = Release;
		};
		FC7B197823637B8D00DF811D /* Build configuration list for PBXNativeTarget "MyPreferences" */ = {
			isa = XCConfigurationList;
			buildConfigurations = (
				FC7B197923637B8D00DF811D /* Debug */,
				FC7B197A23637B8D00DF811D /* Release */,
			);
			defaultConfigurationIsVisible = 0;
			defaultConfigurationName = Release;
		};
/* End XCConfigurationList section */
	};
	rootObject = FC7B195C23637B8D00DF811D /* Project object */;
}
